
Microsoft Visual Studio Solution File, Format Version 12.00
# Visual Studio 2012
Project("{2150E333-8FDC-42A3-9474-1A3956D46DE8}") = "Tests", "Tests", "{48296261-A26A-4DD4-AC9D-6B06C1E288EA}"
EndProject
Project("{F184B08F-C81C-45F6-A57F-5ABD9991F28F}") = "Datastreamr.Framework.Test", "Test\Datastreamr.Framework.Test\Datastreamr.Framework.Test.vbproj", "{51A78E9F-D3E9-489A-99E8-5FC872FFC17C}"
EndProject
Project("{F184B08F-C81C-45F6-A57F-5ABD9991F28F}") = "Datastreamr.Framework", "Framework\Datastreamr.Framework\Datastreamr.Framework.vbproj", "{C3071178-6787-430F-9980-26AD5178715D}"
EndProject
Project("{2150E333-8FDC-42A3-9474-1A3956D46DE8}") = "Providers", "Providers", "{5D611A58-AEC0-45CE-8AAE-57E16FD31526}"
EndProject
Project("{F184B08F-C81C-45F6-A57F-5ABD9991F28F}") = "Infotjenester.Hressurs.Provider", "Providers\Infotjenester\Infotjenester.Hressurs.Provider\Infotjenester.Hressurs.Provider.vbproj", "{E45F2BD7-20B8-4A1C-B5B6-7C4D33091F88}"
EndProject
Project("{F184B08F-C81C-45F6-A57F-5ABD9991F28F}") = "TresamData.Tidsbanken.Provider", "Providers\Tidsbanken\TresamData.Tidsbanken.Provider\TresamData.Tidsbanken.Provider.vbproj", "{42C7E34E-614F-410D-B274-EDA3CB71AF22}"
EndProject
Project("{F184B08F-C81C-45F6-A57F-5ABD9991F28F}") = "RavenDB.Test", "Test\RavenDB.Test\RavenDB.Test.vbproj", "{89B0C66F-4109-4FE6-B697-6733C6D4124E}"
EndProject
Project("{2150E333-8FDC-42A3-9474-1A3956D46DE8}") = "Providers", "Providers", "{64E7BF1D-9EB0-4711-9BF2-7D17A8A11DF1}"
EndProject
Project("{F184B08F-C81C-45F6-A57F-5ABD9991F28F}") = "Infotjenester.Hressurs.Provider.Test", "Test\Providers\Infotjenester.Hressurs.Provider.Test\Infotjenester.Hressurs.Provider.Test.vbproj", "{17C1BC58-C5C4-4102-A88F-C2F5C568C1CF}"
EndProject
Project("{2150E333-8FDC-42A3-9474-1A3956D46DE8}") = "FTP", "FTP", "{47B63367-9AE8-4CBB-9758-B18A4D9FAC45}"
EndProject
Project("{F184B08F-C81C-45F6-A57F-5ABD9991F28F}") = "Datastreamr.FtpHomeDirectoryProvider", "FTP\Datastreamr.FtpHomeDirectoryProvider\Datastreamr.FtpHomeDirectoryProvider.vbproj", "{BBEA02F2-2296-466F-B030-2382ECB5245E}"
EndProject
Project("{F184B08F-C81C-45F6-A57F-5ABD9991F28F}") = "Datastreamr.FtpHomeDirectoryProvider.Test", "FTP\Datastreamr.FtpHomeDirectoryProvider.Test\Datastreamr.FtpHomeDirectoryProvider.Test.vbproj", "{0FC3CB6C-5A63-4405-B6A9-2898BA245A8B}"
EndProject
Project("{F184B08F-C81C-45F6-A57F-5ABD9991F28F}") = "Datastreamr.FtpAuthenticationProvider", "FTP\Datastreamr.FtpAuthenticationProvider\Datastreamr.FtpAuthenticationProvider.vbproj", "{21CE8B46-B253-47FE-9982-23C5A463FA9A}"
EndProject
Global
	GlobalSection(SolutionConfigurationPlatforms) = preSolution
		Debug|Any CPU = Debug|Any CPU
		Release|Any CPU = Release|Any CPU
	EndGlobalSection
	GlobalSection(ProjectConfigurationPlatforms) = postSolution
		{51A78E9F-D3E9-489A-99E8-5FC872FFC17C}.Debug|Any CPU.ActiveCfg = Debug|Any CPU
		{51A78E9F-D3E9-489A-99E8-5FC872FFC17C}.Debug|Any CPU.Build.0 = Debug|Any CPU
		{51A78E9F-D3E9-489A-99E8-5FC872FFC17C}.Release|Any CPU.ActiveCfg = Release|Any CPU
		{51A78E9F-D3E9-489A-99E8-5FC872FFC17C}.Release|Any CPU.Build.0 = Release|Any CPU
		{C3071178-6787-430F-9980-26AD5178715D}.Debug|Any CPU.ActiveCfg = Debug|Any CPU
		{C3071178-6787-430F-9980-26AD5178715D}.Debug|Any CPU.Build.0 = Debug|Any CPU
		{C3071178-6787-430F-9980-26AD5178715D}.Release|Any CPU.ActiveCfg = Release|Any CPU
		{C3071178-6787-430F-9980-26AD5178715D}.Release|Any CPU.Build.0 = Release|Any CPU
		{E45F2BD7-20B8-4A1C-B5B6-7C4D33091F88}.Debug|Any CPU.ActiveCfg = Debug|Any CPU
		{E45F2BD7-20B8-4A1C-B5B6-7C4D33091F88}.Debug|Any CPU.Build.0 = Debug|Any CPU
		{E45F2BD7-20B8-4A1C-B5B6-7C4D33091F88}.Release|Any CPU.ActiveCfg = Release|Any CPU
		{E45F2BD7-20B8-4A1C-B5B6-7C4D33091F88}.Release|Any CPU.Build.0 = Release|Any CPU
		{42C7E34E-614F-410D-B274-EDA3CB71AF22}.Debug|Any CPU.ActiveCfg = Debug|Any CPU
		{42C7E34E-614F-410D-B274-EDA3CB71AF22}.Debug|Any CPU.Build.0 = Debug|Any CPU
		{42C7E34E-614F-410D-B274-EDA3CB71AF22}.Release|Any CPU.ActiveCfg = Release|Any CPU
		{42C7E34E-614F-410D-B274-EDA3CB71AF22}.Release|Any CPU.Build.0 = Release|Any CPU
		{89B0C66F-4109-4FE6-B697-6733C6D4124E}.Debug|Any CPU.ActiveCfg = Debug|Any CPU
		{89B0C66F-4109-4FE6-B697-6733C6D4124E}.Debug|Any CPU.Build.0 = Debug|Any CPU
		{89B0C66F-4109-4FE6-B697-6733C6D4124E}.Release|Any CPU.ActiveCfg = Release|Any CPU
		{89B0C66F-4109-4FE6-B697-6733C6D4124E}.Release|Any CPU.Build.0 = Release|Any CPU
		{17C1BC58-C5C4-4102-A88F-C2F5C568C1CF}.Debug|Any CPU.ActiveCfg = Debug|Any CPU
		{17C1BC58-C5C4-4102-A88F-C2F5C568C1CF}.Debug|Any CPU.Build.0 = Debug|Any CPU
		{17C1BC58-C5C4-4102-A88F-C2F5C568C1CF}.Release|Any CPU.ActiveCfg = Release|Any CPU
		{17C1BC58-C5C4-4102-A88F-C2F5C568C1CF}.Release|Any CPU.Build.0 = Release|Any CPU
		{BBEA02F2-2296-466F-B030-2382ECB5245E}.Debug|Any CPU.ActiveCfg = Debug|Any CPU
		{BBEA02F2-2296-466F-B030-2382ECB5245E}.Debug|Any CPU.Build.0 = Debug|Any CPU
		{BBEA02F2-2296-466F-B030-2382ECB5245E}.Release|Any CPU.ActiveCfg = Release|Any CPU
		{BBEA02F2-2296-466F-B030-2382ECB5245E}.Release|Any CPU.Build.0 = Release|Any CPU
		{0FC3CB6C-5A63-4405-B6A9-2898BA245A8B}.Debug|Any CPU.ActiveCfg = Debug|Any CPU
		{0FC3CB6C-5A63-4405-B6A9-2898BA245A8B}.Debug|Any CPU.Build.0 = Debug|Any CPU
		{0FC3CB6C-5A63-4405-B6A9-2898BA245A8B}.Release|Any CPU.ActiveCfg = Release|Any CPU
		{0FC3CB6C-5A63-4405-B6A9-2898BA245A8B}.Release|Any CPU.Build.0 = Release|Any CPU
		{21CE8B46-B253-47FE-9982-23C5A463FA9A}.Debug|Any CPU.ActiveCfg = Debug|Any CPU
		{21CE8B46-B253-47FE-9982-23C5A463FA9A}.Debug|Any CPU.Build.0 = Debug|Any CPU
		{21CE8B46-B253-47FE-9982-23C5A463FA9A}.Release|Any CPU.ActiveCfg = Release|Any CPU
		{21CE8B46-B253-47FE-9982-23C5A463FA9A}.Release|Any CPU.Build.0 = Release|Any CPU
	EndGlobalSection
	GlobalSection(SolutionProperties) = preSolution
		HideSolutionNode = FALSE
	EndGlobalSection
	GlobalSection(NestedProjects) = preSolution
		{51A78E9F-D3E9-489A-99E8-5FC872FFC17C} = {48296261-A26A-4DD4-AC9D-6B06C1E288EA}
		{89B0C66F-4109-4FE6-B697-6733C6D4124E} = {48296261-A26A-4DD4-AC9D-6B06C1E288EA}
		{64E7BF1D-9EB0-4711-9BF2-7D17A8A11DF1} = {48296261-A26A-4DD4-AC9D-6B06C1E288EA}
		{E45F2BD7-20B8-4A1C-B5B6-7C4D33091F88} = {5D611A58-AEC0-45CE-8AAE-57E16FD31526}
		{42C7E34E-614F-410D-B274-EDA3CB71AF22} = {5D611A58-AEC0-45CE-8AAE-57E16FD31526}
		{17C1BC58-C5C4-4102-A88F-C2F5C568C1CF} = {64E7BF1D-9EB0-4711-9BF2-7D17A8A11DF1}
		{BBEA02F2-2296-466F-B030-2382ECB5245E} = {47B63367-9AE8-4CBB-9758-B18A4D9FAC45}
		{0FC3CB6C-5A63-4405-B6A9-2898BA245A8B} = {47B63367-9AE8-4CBB-9758-B18A4D9FAC45}
		{21CE8B46-B253-47FE-9982-23C5A463FA9A} = {47B63367-9AE8-4CBB-9758-B18A4D9FAC45}
	EndGlobalSection
EndGlobal
